// !$*UTF8*$!
{
	archiveVersion = 1;
	classes = {
	};
	objectVersion = 55;
	objects = {

/* Begin PBXBuildFile section */
		C357700128745B1800D787C6 /* SwiftUICatApiApp.swift in Sources */ = {isa = PBXBuildFile; fileRef = C357700028745B1800D787C6 /* SwiftUICatApiApp.swift */; };
		C357700328745B1800D787C6 /* ContentView.swift in Sources */ = {isa = PBXBuildFile; fileRef = C357700228745B1800D787C6 /* ContentView.swift */; };
		C357700528745B1D00D787C6 /* Assets.xcassets in Resources */ = {isa = PBXBuildFile; fileRef = C357700428745B1D00D787C6 /* Assets.xcassets */; };
		C357700828745B1D00D787C6 /* Preview Assets.xcassets in Resources */ = {isa = PBXBuildFile; fileRef = C357700728745B1D00D787C6 /* Preview Assets.xcassets */; };
		C357701228745B1E00D787C6 /* SwiftUICatApiTests.swift in Sources */ = {isa = PBXBuildFile; fileRef = C357701128745B1E00D787C6 /* SwiftUICatApiTests.swift */; };
		C357701C28745B1E00D787C6 /* SwiftUICatApiUITests.swift in Sources */ = {isa = PBXBuildFile; fileRef = C357701B28745B1E00D787C6 /* SwiftUICatApiUITests.swift */; };
		C357701E28745B1E00D787C6 /* SwiftUICatApiUITestsLaunchTests.swift in Sources */ = {isa = PBXBuildFile; fileRef = C357701D28745B1E00D787C6 /* SwiftUICatApiUITestsLaunchTests.swift */; };
		C357702C2874654E00D787C6 /* Breed.swift in Sources */ = {isa = PBXBuildFile; fileRef = C357702B2874654E00D787C6 /* Breed.swift */; };
		C357702E287469AE00D787C6 /* BreedImage.swift in Sources */ = {isa = PBXBuildFile; fileRef = C357702D287469AE00D787C6 /* BreedImage.swift */; };
		C357703328746A7F00D787C6 /* BreedFetcher.swift in Sources */ = {isa = PBXBuildFile; fileRef = C357703228746A7F00D787C6 /* BreedFetcher.swift */; };
		C35770352874717100D787C6 /* BreedList.swift in Sources */ = {isa = PBXBuildFile; fileRef = C35770342874717100D787C6 /* BreedList.swift */; };
		C3577038287471A500D787C6 /* ErrorView.swift in Sources */ = {isa = PBXBuildFile; fileRef = C3577037287471A500D787C6 /* ErrorView.swift */; };
		C357703A287471B400D787C6 /* LoadingView.swift in Sources */ = {isa = PBXBuildFile; fileRef = C3577039287471B400D787C6 /* LoadingView.swift */; };
/* End PBXBuildFile section */

/* Begin PBXContainerItemProxy section */
		C357700E28745B1E00D787C6 /* PBXContainerItemProxy */ = {
			isa = PBXContainerItemProxy;
			containerPortal = C3576FF528745B1700D787C6 /* Project object */;
			proxyType = 1;
			remoteGlobalIDString = C3576FFC28745B1800D787C6;
			remoteInfo = SwiftUICatApi;
		};
		C357701828745B1E00D787C6 /* PBXContainerItemProxy */ = {
			isa = PBXContainerItemProxy;
			containerPortal = C3576FF528745B1700D787C6 /* Project object */;
			proxyType = 1;
			remoteGlobalIDString = C3576FFC28745B1800D787C6;
			remoteInfo = SwiftUICatApi;
		};
/* End PBXContainerItemProxy section */

/* Begin PBXFileReference section */
		C3576FFD28745B1800D787C6 /* SwiftUICatApi.app */ = {isa = PBXFileReference; explicitFileType = wrapper.application; includeInIndex = 0; path = SwiftUICatApi.app; sourceTree = BUILT_PRODUCTS_DIR; };
		C357700028745B1800D787C6 /* SwiftUICatApiApp.swift */ = {isa = PBXFileReference; lastKnownFileType = sourcecode.swift; path = SwiftUICatApiApp.swift; sourceTree = "<group>"; };
		C357700228745B1800D787C6 /* ContentView.swift */ = {isa = PBXFileReference; lastKnownFileType = sourcecode.swift; path = ContentView.swift; sourceTree = "<group>"; };
		C357700428745B1D00D787C6 /* Assets.xcassets */ = {isa = PBXFileReference; lastKnownFileType = folder.assetcatalog; path = Assets.xcassets; sourceTree = "<group>"; };
		C357700728745B1D00D787C6 /* Preview Assets.xcassets */ = {isa = PBXFileReference; lastKnownFileType = folder.assetcatalog; path = "Preview Assets.xcassets"; sourceTree = "<group>"; };
		C357700D28745B1E00D787C6 /* SwiftUICatApiTests.xctest */ = {isa = PBXFileReference; explicitFileType = wrapper.cfbundle; includeInIndex = 0; path = SwiftUICatApiTests.xctest; sourceTree = BUILT_PRODUCTS_DIR; };
		C357701128745B1E00D787C6 /* SwiftUICatApiTests.swift */ = {isa = PBXFileReference; lastKnownFileType = sourcecode.swift; path = SwiftUICatApiTests.swift; sourceTree = "<group>"; };
		C357701728745B1E00D787C6 /* SwiftUICatApiUITests.xctest */ = {isa = PBXFileReference; explicitFileType = wrapper.cfbundle; includeInIndex = 0; path = SwiftUICatApiUITests.xctest; sourceTree = BUILT_PRODUCTS_DIR; };
		C357701B28745B1E00D787C6 /* SwiftUICatApiUITests.swift */ = {isa = PBXFileReference; lastKnownFileType = sourcecode.swift; path = SwiftUICatApiUITests.swift; sourceTree = "<group>"; };
		C357701D28745B1E00D787C6 /* SwiftUICatApiUITestsLaunchTests.swift */ = {isa = PBXFileReference; lastKnownFileType = sourcecode.swift; path = SwiftUICatApiUITestsLaunchTests.swift; sourceTree = "<group>"; };
		C357702B2874654E00D787C6 /* Breed.swift */ = {isa = PBXFileReference; lastKnownFileType = sourcecode.swift; path = Breed.swift; sourceTree = "<group>"; };
		C357702D287469AE00D787C6 /* BreedImage.swift */ = {isa = PBXFileReference; lastKnownFileType = sourcecode.swift; path = BreedImage.swift; sourceTree = "<group>"; };
		C357703228746A7F00D787C6 /* BreedFetcher.swift */ = {isa = PBXFileReference; lastKnownFileType = sourcecode.swift; path = BreedFetcher.swift; sourceTree = "<group>"; };
		C35770342874717100D787C6 /* BreedList.swift */ = {isa = PBXFileReference; lastKnownFileType = sourcecode.swift; path = BreedList.swift; sourceTree = "<group>"; };
		C3577037287471A500D787C6 /* ErrorView.swift */ = {isa = PBXFileReference; lastKnownFileType = sourcecode.swift; path = ErrorView.swift; sourceTree = "<group>"; };
		C3577039287471B400D787C6 /* LoadingView.swift */ = {isa = PBXFileReference; lastKnownFileType = sourcecode.swift; path = LoadingView.swift; sourceTree = "<group>"; };
/* End PBXFileReference section */

/* Begin PBXFrameworksBuildPhase section */
		C3576FFA28745B1800D787C6 /* Frameworks */ = {
			isa = PBXFrameworksBuildPhase;
			buildActionMask = 2147483647;
			files = (
			);
			runOnlyForDeploymentPostprocessing = 0;
		};
		C357700A28745B1E00D787C6 /* Frameworks */ = {
			isa = PBXFrameworksBuildPhase;
			buildActionMask = 2147483647;
			files = (
			);
			runOnlyForDeploymentPostprocessing = 0;
		};
		C357701428745B1E00D787C6 /* Frameworks */ = {
			isa = PBXFrameworksBuildPhase;
			buildActionMask = 2147483647;
			files = (
			);
			runOnlyForDeploymentPostprocessing = 0;
		};
/* End PBXFrameworksBuildPhase section */

/* Begin PBXGroup section */
		C3576FF428745B1700D787C6 = {
			isa = PBXGroup;
			children = (
				C3576FFF28745B1800D787C6 /* SwiftUICatApi */,
				C357701028745B1E00D787C6 /* SwiftUICatApiTests */,
				C357701A28745B1E00D787C6 /* SwiftUICatApiUITests */,
				C3576FFE28745B1800D787C6 /* Products */,
			);
			sourceTree = "<group>";
		};
		C3576FFE28745B1800D787C6 /* Products */ = {
			isa = PBXGroup;
			children = (
				C3576FFD28745B1800D787C6 /* SwiftUICatApi.app */,
				C357700D28745B1E00D787C6 /* SwiftUICatApiTests.xctest */,
				C357701728745B1E00D787C6 /* SwiftUICatApiUITests.xctest */,
			);
			name = Products;
			sourceTree = "<group>";
		};
		C3576FFF28745B1800D787C6 /* SwiftUICatApi */ = {
			isa = PBXGroup;
			children = (
				C357700028745B1800D787C6 /* SwiftUICatApiApp.swift */,
				C357700228745B1800D787C6 /* ContentView.swift */,
				C35770362874717E00D787C6 /* Views */,
				C357702F287469FD00D787C6 /* ViewModel */,
				C357702A2874653500D787C6 /* Models */,
				C357700428745B1D00D787C6 /* Assets.xcassets */,
				C357700628745B1D00D787C6 /* Preview Content */,
			);
			path = SwiftUICatApi;
			sourceTree = "<group>";
		};
		C357700628745B1D00D787C6 /* Preview Content */ = {
			isa = PBXGroup;
			children = (
				C357700728745B1D00D787C6 /* Preview Assets.xcassets */,
			);
			path = "Preview Content";
			sourceTree = "<group>";
		};
		C357701028745B1E00D787C6 /* SwiftUICatApiTests */ = {
			isa = PBXGroup;
			children = (
				C357701128745B1E00D787C6 /* SwiftUICatApiTests.swift */,
			);
			path = SwiftUICatApiTests;
			sourceTree = "<group>";
		};
		C357701A28745B1E00D787C6 /* SwiftUICatApiUITests */ = {
			isa = PBXGroup;
			children = (
				C357701B28745B1E00D787C6 /* SwiftUICatApiUITests.swift */,
				C357701D28745B1E00D787C6 /* SwiftUICatApiUITestsLaunchTests.swift */,
			);
			path = SwiftUICatApiUITests;
			sourceTree = "<group>";
		};
		C357702A2874653500D787C6 /* Models */ = {
			isa = PBXGroup;
			children = (
				C357702B2874654E00D787C6 /* Breed.swift */,
				C357702D287469AE00D787C6 /* BreedImage.swift */,
			);
			path = Models;
			sourceTree = "<group>";
		};
		C357702F287469FD00D787C6 /* ViewModel */ = {
			isa = PBXGroup;
			children = (
				C357703228746A7F00D787C6 /* BreedFetcher.swift */,
			);
			path = ViewModel;
			sourceTree = "<group>";
		};
		C35770362874717E00D787C6 /* Views */ = {
			isa = PBXGroup;
			children = (
				C35770342874717100D787C6 /* BreedList.swift */,
				C3577037287471A500D787C6 /* ErrorView.swift */,
				C3577039287471B400D787C6 /* LoadingView.swift */,
			);
			path = Views;
			sourceTree = "<group>";
		};
/* End PBXGroup section */

/* Begin PBXNativeTarget section */
		C3576FFC28745B1800D787C6 /* SwiftUICatApi */ = {
			isa = PBXNativeTarget;
			buildConfigurationList = C357702128745B1E00D787C6 /* Build configuration list for PBXNativeTarget "SwiftUICatApi" */;
			buildPhases = (
				C3576FF928745B1800D787C6 /* Sources */,
				C3576FFA28745B1800D787C6 /* Frameworks */,
				C3576FFB28745B1800D787C6 /* Resources */,
			);
			buildRules = (
			);
			dependencies = (
			);
			name = SwiftUICatApi;
			productName = SwiftUICatApi;
			productReference = C3576FFD28745B1800D787C6 /* SwiftUICatApi.app */;
			productType = "com.apple.product-type.application";
		};
		C357700C28745B1E00D787C6 /* SwiftUICatApiTests */ = {
			isa = PBXNativeTarget;
			buildConfigurationList = C357702428745B1E00D787C6 /* Build configuration list for PBXNativeTarget "SwiftUICatApiTests" */;
			buildPhases = (
				C357700928745B1E00D787C6 /* Sources */,
				C357700A28745B1E00D787C6 /* Frameworks */,
				C357700B28745B1E00D787C6 /* Resources */,
			);
			buildRules = (
			);
			dependencies = (
				C357700F28745B1E00D787C6 /* PBXTargetDependency */,
			);
			name = SwiftUICatApiTests;
			productName = SwiftUICatApiTests;
			productReference = C357700D28745B1E00D787C6 /* SwiftUICatApiTests.xctest */;
			productType = "com.apple.product-type.bundle.unit-test";
		};
		C357701628745B1E00D787C6 /* SwiftUICatApiUITests */ = {
			isa = PBXNativeTarget;
			buildConfigurationList = C357702728745B1E00D787C6 /* Build configuration list for PBXNativeTarget "SwiftUICatApiUITests" */;
			buildPhases = (
				C357701328745B1E00D787C6 /* Sources */,
				C357701428745B1E00D787C6 /* Frameworks */,
				C357701528745B1E00D787C6 /* Resources */,
			);
			buildRules = (
			);
			dependencies = (
				C357701928745B1E00D787C6 /* PBXTargetDependency */,
			);
			name = SwiftUICatApiUITests;
			productName = SwiftUICatApiUITests;
			productReference = C357701728745B1E00D787C6 /* SwiftUICatApiUITests.xctest */;
			productType = "com.apple.product-type.bundle.ui-testing";
		};
/* End PBXNativeTarget section */

/* Begin PBXProject section */
		C3576FF528745B1700D787C6 /* Project object */ = {
			isa = PBXProject;
			attributes = {
				BuildIndependentTargetsInParallel = 1;
				LastSwiftUpdateCheck = 1330;
				LastUpgradeCheck = 1330;
				TargetAttributes = {
					C3576FFC28745B1800D787C6 = {
						CreatedOnToolsVersion = 13.3;
					};
					C357700C28745B1E00D787C6 = {
						CreatedOnToolsVersion = 13.3;
						TestTargetID = C3576FFC28745B1800D787C6;
					};
					C357701628745B1E00D787C6 = {
						CreatedOnToolsVersion = 13.3;
						TestTargetID = C3576FFC28745B1800D787C6;
					};
				};
			};
			buildConfigurationList = C3576FF828745B1700D787C6 /* Build configuration list for PBXProject "SwiftUICatApi" */;
			compatibilityVersion = "Xcode 13.0";
			developmentRegion = en;
			hasScannedForEncodings = 0;
			knownRegions = (
				en,
				Base,
			);
			mainGroup = C3576FF428745B1700D787C6;
			productRefGroup = C3576FFE28745B1800D787C6 /* Products */;
			projectDirPath = "";
			projectRoot = "";
			targets = (
				C3576FFC28745B1800D787C6 /* SwiftUICatApi */,
				C357700C28745B1E00D787C6 /* SwiftUICatApiTests */,
				C357701628745B1E00D787C6 /* SwiftUICatApiUITests */,
			);
		};
/* End PBXProject section */

/* Begin PBXResourcesBuildPhase section */
		C3576FFB28745B1800D787C6 /* Resources */ = {
			isa = PBXResourcesBuildPhase;
			buildActionMask = 2147483647;
			files = (
				C357700828745B1D00D787C6 /* Preview Assets.xcassets in Resources */,
				C357700528745B1D00D787C6 /* Assets.xcassets in Resources */,
			);
			runOnlyForDeploymentPostprocessing = 0;
		};
		C357700B28745B1E00D787C6 /* Resources */ = {
			isa = PBXResourcesBuildPhase;
			buildActionMask = 2147483647;
			files = (
			);
			runOnlyForDeploymentPostprocessing = 0;
		};
		C357701528745B1E00D787C6 /* Resources */ = {
			isa = PBXResourcesBuildPhase;
			buildActionMask = 2147483647;
			files = (
			);
			runOnlyForDeploymentPostprocessing = 0;
		};
/* End PBXResourcesBuildPhase section */

/* Begin PBXSourcesBuildPhase section */
		C3576FF928745B1800D787C6 /* Sources */ = {
			isa = PBXSourcesBuildPhase;
			buildActionMask = 2147483647;
			files = (
				C357702E287469AE00D787C6 /* BreedImage.swift in Sources */,
				C357703328746A7F00D787C6 /* BreedFetcher.swift in Sources */,
				C357702C2874654E00D787C6 /* Breed.swift in Sources */,
				C357700328745B1800D787C6 /* ContentView.swift in Sources */,
				C3577038287471A500D787C6 /* ErrorView.swift in Sources */,
				C357703A287471B400D787C6 /* LoadingView.swift in Sources */,
				C35770352874717100D787C6 /* BreedList.swift in Sources */,
				C357700128745B1800D787C6 /* SwiftUICatApiApp.swift in Sources */,
			);
			runOnlyForDeploymentPostprocessing = 0;
		};
		C357700928745B1E00D787C6 /* Sources */ = {
			isa = PBXSourcesBuildPhase;
			buildActionMask = 2147483647;
			files = (
				C357701228745B1E00D787C6 /* SwiftUICatApiTests.swift in Sources */,
			);
			runOnlyForDeploymentPostprocessing = 0;
		};
		C357701328745B1E00D787C6 /* Sources */ = {
			isa = PBXSourcesBuildPhase;
			buildActionMask = 2147483647;
			files = (
				C357701E28745B1E00D787C6 /* SwiftUICatApiUITestsLaunchTests.swift in Sources */,
				C357701C28745B1E00D787C6 /* SwiftUICatApiUITests.swift in Sources */,
			);
			runOnlyForDeploymentPostprocessing = 0;
		};
/* End PBXSourcesBuildPhase section */

/* Begin PBXTargetDependency section */
		C357700F28745B1E00D787C6 /* PBXTargetDependency */ = {
			isa = PBXTargetDependency;
			target = C3576FFC28745B1800D787C6 /* SwiftUICatApi */;
			targetProxy = C357700E28745B1E00D787C6 /* PBXContainerItemProxy */;
		};
		C357701928745B1E00D787C6 /* PBXTargetDependency */ = {
			isa = PBXTargetDependency;
			target = C3576FFC28745B1800D787C6 /* SwiftUICatApi */;
			targetProxy = C357701828745B1E00D787C6 /* PBXContainerItemProxy */;
		};
/* End PBXTargetDependency section */

/* Begin XCBuildConfiguration section */
		C357701F28745B1E00D787C6 /* Debug */ = {
			isa = XCBuildConfiguration;
			buildSettings = {
				ALWAYS_SEARCH_USER_PATHS = NO;
				CLANG_ANALYZER_NONNULL = YES;
				CLANG_ANALYZER_NUMBER_OBJECT_CONVERSION = YES_AGGRESSIVE;
				CLANG_CXX_LANGUAGE_STANDARD = "gnu++17";
				CLANG_ENABLE_MODULES = YES;
				CLANG_ENABLE_OBJC_ARC = YES;
				CLANG_ENABLE_OBJC_WEAK = YES;
				CLANG_WARN_BLOCK_CAPTURE_AUTORELEASING = YES;
				CLANG_WARN_BOOL_CONVERSION = YES;
				CLANG_WARN_COMMA = YES;
				CLANG_WARN_CONSTANT_CONVERSION = YES;
				CLANG_WARN_DEPRECATED_OBJC_IMPLEMENTATIONS = YES;
				CLANG_WARN_DIRECT_OBJC_ISA_USAGE = YES_ERROR;
				CLANG_WARN_DOCUMENTATION_COMMENTS = YES;
				CLANG_WARN_EMPTY_BODY = YES;
				CLANG_WARN_ENUM_CONVERSION = YES;
				CLANG_WARN_INFINITE_RECURSION = YES;
				CLANG_WARN_INT_CONVERSION = YES;
				CLANG_WARN_NON_LITERAL_NULL_CONVERSION = YES;
				CLANG_WARN_OBJC_IMPLICIT_RETAIN_SELF = YES;
				CLANG_WARN_OBJC_LITERAL_CONVERSION = YES;
				CLANG_WARN_OBJC_ROOT_CLASS = YES_ERROR;
				CLANG_WARN_QUOTED_INCLUDE_IN_FRAMEWORK_HEADER = YES;
				CLANG_WARN_RANGE_LOOP_ANALYSIS = YES;
				CLANG_WARN_STRICT_PROTOTYPES = YES;
				CLANG_WARN_SUSPICIOUS_MOVE = YES;
				CLANG_WARN_UNGUARDED_AVAILABILITY = YES_AGGRESSIVE;
				CLANG_WARN_UNREACHABLE_CODE = YES;
				CLANG_WARN__DUPLICATE_METHOD_MATCH = YES;
				COPY_PHASE_STRIP = NO;
				DEBUG_INFORMATION_FORMAT = dwarf;
				ENABLE_STRICT_OBJC_MSGSEND = YES;
				ENABLE_TESTABILITY = YES;
				GCC_C_LANGUAGE_STANDARD = gnu11;
				GCC_DYNAMIC_NO_PIC = NO;
				GCC_NO_COMMON_BLOCKS = YES;
				GCC_OPTIMIZATION_LEVEL = 0;
				GCC_PREPROCESSOR_DEFINITIONS = (
					"DEBUG=1",
					"$(inherited)",
				);
				GCC_WARN_64_TO_32_BIT_CONVERSION = YES;
				GCC_WARN_ABOUT_RETURN_TYPE = YES_ERROR;
				GCC_WARN_UNDECLARED_SELECTOR = YES;
				GCC_WARN_UNINITIALIZED_AUTOS = YES_AGGRESSIVE;
				GCC_WARN_UNUSED_FUNCTION = YES;
				GCC_WARN_UNUSED_VARIABLE = YES;
				IPHONEOS_DEPLOYMENT_TARGET = 15.4;
				MTL_ENABLE_DEBUG_INFO = INCLUDE_SOURCE;
				MTL_FAST_MATH = YES;
				ONLY_ACTIVE_ARCH = YES;
				SDKROOT = iphoneos;
				SWIFT_ACTIVE_COMPILATION_CONDITIONS = DEBUG;
				SWIFT_OPTIMIZATION_LEVEL = "-Onone";
			};
			name = Debug;
		};
		C357702028745B1E00D787C6 /* Release */ = {
			isa = XCBuildConfiguration;
			buildSettings = {
				ALWAYS_SEARCH_USER_PATHS = NO;
				CLANG_ANALYZER_NONNULL = YES;
				CLANG_ANALYZER_NUMBER_OBJECT_CONVERSION = YES_AGGRESSIVE;
				CLANG_CXX_LANGUAGE_STANDARD = "gnu++17";
				CLANG_ENABLE_MODULES = YES;
				CLANG_ENABLE_OBJC_ARC = YES;
				CLANG_ENABLE_OBJC_WEAK = YES;
				CLANG_WARN_BLOCK_CAPTURE_AUTORELEASING = YES;
				CLANG_WARN_BOOL_CONVERSION = YES;
				CLANG_WARN_COMMA = YES;
				CLANG_WARN_CONSTANT_CONVERSION = YES;
				CLANG_WARN_DEPRECATED_OBJC_IMPLEMENTATIONS = YES;
				CLANG_WARN_DIRECT_OBJC_ISA_USAGE = YES_ERROR;
				CLANG_WARN_DOCUMENTATION_COMMENTS = YES;
				CLANG_WARN_EMPTY_BODY = YES;
				CLANG_WARN_ENUM_CONVERSION = YES;
				CLANG_WARN_INFINITE_RECURSION = YES;
				CLANG_WARN_INT_CONVERSION = YES;
				CLANG_WARN_NON_LITERAL_NULL_CONVERSION = YES;
				CLANG_WARN_OBJC_IMPLICIT_RETAIN_SELF = YES;
				CLANG_WARN_OBJC_LITERAL_CONVERSION = YES;
				CLANG_WARN_OBJC_ROOT_CLASS = YES_ERROR;
				CLANG_WARN_QUOTED_INCLUDE_IN_FRAMEWORK_HEADER = YES;
				CLANG_WARN_RANGE_LOOP_ANALYSIS = YES;
				CLANG_WARN_STRICT_PROTOTYPES = YES;
				CLANG_WARN_SUSPICIOUS_MOVE = YES;
				CLANG_WARN_UNGUARDED_AVAILABILITY = YES_AGGRESSIVE;
				CLANG_WARN_UNREACHABLE_CODE = YES;
				CLANG_WARN__DUPLICATE_METHOD_MATCH = YES;
				COPY_PHASE_STRIP = NO;
				DEBUG_INFORMATION_FORMAT = "dwarf-with-dsym";
				ENABLE_NS_ASSERTIONS = NO;
				ENABLE_STRICT_OBJC_MSGSEND = YES;
				GCC_C_LANGUAGE_STANDARD = gnu11;
				GCC_NO_COMMON_BLOCKS = YES;
				GCC_WARN_64_TO_32_BIT_CONVERSION = YES;
				GCC_WARN_ABOUT_RETURN_TYPE = YES_ERROR;
				GCC_WARN_UNDECLARED_SELECTOR = YES;
				GCC_WARN_UNINITIALIZED_AUTOS = YES_AGGRESSIVE;
				GCC_WARN_UNUSED_FUNCTION = YES;
				GCC_WARN_UNUSED_VARIABLE = YES;
				IPHONEOS_DEPLOYMENT_TARGET = 15.4;
				MTL_ENABLE_DEBUG_INFO = NO;
				MTL_FAST_MATH = YES;
				SDKROOT = iphoneos;
				SWIFT_COMPILATION_MODE = wholemodule;
				SWIFT_OPTIMIZATION_LEVEL = "-O";
				VALIDATE_PRODUCT = YES;
			};
			name = Release;
		};
		C357702228745B1E00D787C6 /* Debug */ = {
			isa = XCBuildConfiguration;
			buildSettings = {
				ASSETCATALOG_COMPILER_APPICON_NAME = AppIcon;
				ASSETCATALOG_COMPILER_GLOBAL_ACCENT_COLOR_NAME = AccentColor;
				CODE_SIGN_STYLE = Automatic;
				CURRENT_PROJECT_VERSION = 1;
				DEVELOPMENT_ASSET_PATHS = "\"SwiftUICatApi/Preview Content\"";
				ENABLE_PREVIEWS = YES;
				GENERATE_INFOPLIST_FILE = YES;
				INFOPLIST_KEY_UIApplicationSceneManifest_Generation = YES;
				INFOPLIST_KEY_UIApplicationSupportsIndirectInputEvents = YES;
				INFOPLIST_KEY_UILaunchScreen_Generation = YES;
				INFOPLIST_KEY_UISupportedInterfaceOrientations_iPad = "UIInterfaceOrientationPortrait UIInterfaceOrientationPortraitUpsideDown UIInterfaceOrientationLandscapeLeft UIInterfaceOrientationLandscapeRight";
				INFOPLIST_KEY_UISupportedInterfaceOrientations_iPhone = "UIInterfaceOrientationPortrait UIInterfaceOrientationLandscapeLeft UIInterfaceOrientationLandscapeRight";
				LD_RUNPATH_SEARCH_PATHS = (
					"$(inherited)",
					"@executable_path/Frameworks",
				);
				MARKETING_VERSION = 1.0;
				PRODUCT_BUNDLE_IDENTIFIER = Inna.SwiftUICatApi;
				PRODUCT_NAME = "$(TARGET_NAME)";
				SWIFT_EMIT_LOC_STRINGS = YES;
				SWIFT_VERSION = 5.0;
				TARGETED_DEVICE_FAMILY = "1,2";
			};
			name = Debug;
		};
		C357702328745B1E00D787C6 /* Release */ = {
			isa = XCBuildConfiguration;
			buildSettings = {
				ASSETCATALOG_COMPILER_APPICON_NAME = AppIcon;
				ASSETCATALOG_COMPILER_GLOBAL_ACCENT_COLOR_NAME = AccentColor;
				CODE_SIGN_STYLE = Automatic;
				CURRENT_PROJECT_VERSION = 1;
				DEVELOPMENT_ASSET_PATHS = "\"SwiftUICatApi/Preview Content\"";
				ENABLE_PREVIEWS = YES;
				GENERATE_INFOPLIST_FILE = YES;
				INFOPLIST_KEY_UIApplicationSceneManifest_Generation = YES;
				INFOPLIST_KEY_UIApplicationSupportsIndirectInputEvents = YES;
				INFOPLIST_KEY_UILaunchScreen_Generation = YES;
				INFOPLIST_KEY_UISupportedInterfaceOrientations_iPad = "UIInterfaceOrientationPortrait UIInterfaceOrientationPortraitUpsideDown UIInterfaceOrientationLandscapeLeft UIInterfaceOrientationLandscapeRight";
				INFOPLIST_KEY_UISupportedInterfaceOrientations_iPhone = "UIInterfaceOrientationPortrait UIInterfaceOrientationLandscapeLeft UIInterfaceOrientationLandscapeRight";
				LD_RUNPATH_SEARCH_PATHS = (
					"$(inherited)",
					"@executable_path/Frameworks",
				);
				MARKETING_VERSION = 1.0;
				PRODUCT_BUNDLE_IDENTIFIER = Inna.SwiftUICatApi;
				PRODUCT_NAME = "$(TARGET_NAME)";
				SWIFT_EMIT_LOC_STRINGS = YES;
				SWIFT_VERSION = 5.0;
				TARGETED_DEVICE_FAMILY = "1,2";
			};
			name = Release;
		};
		C357702528745B1E00D787C6 /* Debug */ = {
			isa = XCBuildConfiguration;
			buildSettings = {
				ALWAYS_EMBED_SWIFT_STANDARD_LIBRARIES = YES;
				BUNDLE_LOADER = "$(TEST_HOST)";
				CODE_SIGN_STYLE = Automatic;
				CURRENT_PROJECT_VERSION = 1;
				GENERATE_INFOPLIST_FILE = YES;
				IPHONEOS_DEPLOYMENT_TARGET = 15.4;
				MARKETING_VERSION = 1.0;
				PRODUCT_BUNDLE_IDENTIFIER = Inna.SwiftUICatApiTests;
				PRODUCT_NAME = "$(TARGET_NAME)";
				SWIFT_EMIT_LOC_STRINGS = NO;
				SWIFT_VERSION = 5.0;
				TARGETED_DEVICE_FAMILY = "1,2";
				TEST_HOST = "$(BUILT_PRODUCTS_DIR)/SwiftUICatApi.app/SwiftUICatApi";
			};
			name = Debug;
		};
		C357702628745B1E00D787C6 /* Release */ = {
			isa = XCBuildConfiguration;
			buildSettings = {
				ALWAYS_EMBED_SWIFT_STANDARD_LIBRARIES = YES;
				BUNDLE_LOADER = "$(TEST_HOST)";
				CODE_SIGN_STYLE = Automatic;
				CURRENT_PROJECT_VERSION = 1;
				GENERATE_INFOPLIST_FILE = YES;
				IPHONEOS_DEPLOYMENT_TARGET = 15.4;
				MARKETING_VERSION = 1.0;
				PRODUCT_BUNDLE_IDENTIFIER = Inna.SwiftUICatApiTests;
				PRODUCT_NAME = "$(TARGET_NAME)";
				SWIFT_EMIT_LOC_STRINGS = NO;
				SWIFT_VERSION = 5.0;
				TARGETED_DEVICE_FAMILY = "1,2";
				TEST_HOST = "$(BUILT_PRODUCTS_DIR)/SwiftUICatApi.app/SwiftUICatApi";
			};
			name = Release;
		};
		C357702828745B1E00D787C6 /* Debug */ = {
			isa = XCBuildConfiguration;
			buildSettings = {
				ALWAYS_EMBED_SWIFT_STANDARD_LIBRARIES = YES;
				CODE_SIGN_STYLE = Automatic;
				CURRENT_PROJECT_VERSION = 1;
				GENERATE_INFOPLIST_FILE = YES;
				MARKETING_VERSION = 1.0;
				PRODUCT_BUNDLE_IDENTIFIER = Inna.SwiftUICatApiUITests;
				PRODUCT_NAME = "$(TARGET_NAME)";
				SWIFT_EMIT_LOC_STRINGS = NO;
				SWIFT_VERSION = 5.0;
				TARGETED_DEVICE_FAMILY = "1,2";
				TEST_TARGET_NAME = SwiftUICatApi;
			};
			name = Debug;
		};
		C357702928745B1E00D787C6 /* Release */ = {
			isa = XCBuildConfiguration;
			buildSettings = {
				ALWAYS_EMBED_SWIFT_STANDARD_LIBRARIES = YES;
				CODE_SIGN_STYLE = Automatic;
				CURRENT_PROJECT_VERSION = 1;
				GENERATE_INFOPLIST_FILE = YES;
				MARKETING_VERSION = 1.0;
				PRODUCT_BUNDLE_IDENTIFIER = Inna.SwiftUICatApiUITests;
				PRODUCT_NAME = "$(TARGET_NAME)";
				SWIFT_EMIT_LOC_STRINGS = NO;
				SWIFT_VERSION = 5.0;
				TARGETED_DEVICE_FAMILY = "1,2";
				TEST_TARGET_NAME = SwiftUICatApi;
			};
			name = Release;
		};
/* End XCBuildConfiguration section */

/* Begin XCConfigurationList section */
		C3576FF828745B1700D787C6 /* Build configuration list for PBXProject "SwiftUICatApi" */ = {
			isa = XCConfigurationList;
			buildConfigurations = (
				C357701F28745B1E00D787C6 /* Debug */,
				C357702028745B1E00D787C6 /* Release */,
			);
			defaultConfigurationIsVisible = 0;
			defaultConfigurationName = Release;
		};
		C357702128745B1E00D787C6 /* Build configuration list for PBXNativeTarget "SwiftUICatApi" */ = {
			isa = XCConfigurationList;
			buildConfigurations = (
				C357702228745B1E00D787C6 /* Debug */,
				C357702328745B1E00D787C6 /* Release */,
			);
			defaultConfigurationIsVisible = 0;
			defaultConfigurationName = Release;
		};
		C357702428745B1E00D787C6 /* Build configuration list for PBXNativeTarget "SwiftUICatApiTests" */ = {
			isa = XCConfigurationList;
			buildConfigurations = (
				C357702528745B1E00D787C6 /* Debug */,
				C357702628745B1E00D787C6 /* Release */,
			);
			defaultConfigurationIsVisible = 0;
			defaultConfigurationName = Release;
		};
		C357702728745B1E00D787C6 /* Build configuration list for PBXNativeTarget "SwiftUICatApiUITests" */ = {
			isa = XCConfigurationList;
			buildConfigurations = (
				C357702828745B1E00D787C6 /* Debug */,
				C357702928745B1E00D787C6 /* Release */,
			);
			defaultConfigurationIsVisible = 0;
			defaultConfigurationName = Release;
		};
/* End XCConfigurationList section */
	};
	rootObject = C3576FF528745B1700D787C6 /* Project object */;
}
